// !$*UTF8*$!
{
	archiveVersion = 1;
	classes = {
	};
	objectVersion = 50;
	objects = {

/* Begin PBXBuildFile section */
		C6EF442E23FCD1E800AD9F35 /* AppDelegate.swift in Sources */ = {isa = PBXBuildFile; fileRef = C6EF442D23FCD1E800AD9F35 /* AppDelegate.swift */; };
		C6EF443023FCD1E800AD9F35 /* SceneDelegate.swift in Sources */ = {isa = PBXBuildFile; fileRef = C6EF442F23FCD1E800AD9F35 /* SceneDelegate.swift */; };
		C6EF443223FCD1E800AD9F35 /* ContentView.swift in Sources */ = {isa = PBXBuildFile; fileRef = C6EF443123FCD1E800AD9F35 /* ContentView.swift */; };
		C6EF443423FCD1E900AD9F35 /* Assets.xcassets in Resources */ = {isa = PBXBuildFile; fileRef = C6EF443323FCD1E900AD9F35 /* Assets.xcassets */; };
		C6EF443723FCD1E900AD9F35 /* Preview Assets.xcassets in Resources */ = {isa = PBXBuildFile; fileRef = C6EF443623FCD1E900AD9F35 /* Preview Assets.xcassets */; };
		C6EF443A23FCD1E900AD9F35 /* LaunchScreen.storyboard in Resources */ = {isa = PBXBuildFile; fileRef = C6EF443823FCD1E900AD9F35 /* LaunchScreen.storyboard */; };
		C6EF444523FCD1E900AD9F35 /* WeiboDemoTests.swift in Sources */ = {isa = PBXBuildFile; fileRef = C6EF444423FCD1E900AD9F35 /* WeiboDemoTests.swift */; };
		C6EF445023FCD1E900AD9F35 /* WeiboDemoUITests.swift in Sources */ = {isa = PBXBuildFile; fileRef = C6EF444F23FCD1E900AD9F35 /* WeiboDemoUITests.swift */; };
/* End PBXBuildFile section */

/* Begin PBXContainerItemProxy section */
		C6EF444123FCD1E900AD9F35 /* PBXContainerItemProxy */ = {
			isa = PBXContainerItemProxy;
			containerPortal = C6EF442223FCD1E800AD9F35 /* Project object */;
			proxyType = 1;
			remoteGlobalIDString = C6EF442923FCD1E800AD9F35;
			remoteInfo = WeiboDemo;
		};
		C6EF444C23FCD1E900AD9F35 /* PBXContainerItemProxy */ = {
			isa = PBXContainerItemProxy;
			containerPortal = C6EF442223FCD1E800AD9F35 /* Project object */;
			proxyType = 1;
			remoteGlobalIDString = C6EF442923FCD1E800AD9F35;
			remoteInfo = WeiboDemo;
		};
/* End PBXContainerItemProxy section */

/* Begin PBXFileReference section */
		C6EF442A23FCD1E800AD9F35 /* WeiboDemo.app */ = {isa = PBXFileReference; explicitFileType = wrapper.application; includeInIndex = 0; path = WeiboDemo.app; sourceTree = BUILT_PRODUCTS_DIR; };
		C6EF442D23FCD1E800AD9F35 /* AppDelegate.swift */ = {isa = PBXFileReference; lastKnownFileType = sourcecode.swift; path = AppDelegate.swift; sourceTree = "<group>"; };
		C6EF442F23FCD1E800AD9F35 /* SceneDelegate.swift */ = {isa = PBXFileReference; lastKnownFileType = sourcecode.swift; path = SceneDelegate.swift; sourceTree = "<group>"; };
		C6EF443123FCD1E800AD9F35 /* ContentView.swift */ = {isa = PBXFileReference; lastKnownFileType = sourcecode.swift; path = ContentView.swift; sourceTree = "<group>"; };
		C6EF443323FCD1E900AD9F35 /* Assets.xcassets */ = {isa = PBXFileReference; lastKnownFileType = folder.assetcatalog; path = Assets.xcassets; sourceTree = "<group>"; };
		C6EF443623FCD1E900AD9F35 /* Preview Assets.xcassets */ = {isa = PBXFileReference; lastKnownFileType = folder.assetcatalog; path = "Preview Assets.xcassets"; sourceTree = "<group>"; };
		C6EF443923FCD1E900AD9F35 /* Base */ = {isa = PBXFileReference; lastKnownFileType = file.storyboard; name = Base; path = Base.lproj/LaunchScreen.storyboard; sourceTree = "<group>"; };
		C6EF443B23FCD1E900AD9F35 /* Info.plist */ = {isa = PBXFileReference; lastKnownFileType = text.plist.xml; path = Info.plist; sourceTree = "<group>"; };
		C6EF444023FCD1E900AD9F35 /* WeiboDemoTests.xctest */ = {isa = PBXFileReference; explicitFileType = wrapper.cfbundle; includeInIndex = 0; path = WeiboDemoTests.xctest; sourceTree = BUILT_PRODUCTS_DIR; };
		C6EF444423FCD1E900AD9F35 /* WeiboDemoTests.swift */ = {isa = PBXFileReference; lastKnownFileType = sourcecode.swift; path = WeiboDemoTests.swift; sourceTree = "<group>"; };
		C6EF444623FCD1E900AD9F35 /* Info.plist */ = {isa = PBXFileReference; lastKnownFileType = text.plist.xml; path = Info.plist; sourceTree = "<group>"; };
		C6EF444B23FCD1E900AD9F35 /* WeiboDemoUITests.xctest */ = {isa = PBXFileReference; explicitFileType = wrapper.cfbundle; includeInIndex = 0; path = WeiboDemoUITests.xctest; sourceTree = BUILT_PRODUCTS_DIR; };
		C6EF444F23FCD1E900AD9F35 /* WeiboDemoUITests.swift */ = {isa = PBXFileReference; lastKnownFileType = sourcecode.swift; path = WeiboDemoUITests.swift; sourceTree = "<group>"; };
		C6EF445123FCD1E900AD9F35 /* Info.plist */ = {isa = PBXFileReference; lastKnownFileType = text.plist.xml; path = Info.plist; sourceTree = "<group>"; };
/* End PBXFileReference section */

/* Begin PBXFrameworksBuildPhase section */
		C6EF442723FCD1E800AD9F35 /* Frameworks */ = {
			isa = PBXFrameworksBuildPhase;
			buildActionMask = 2147483647;
			files = (
			);
			runOnlyForDeploymentPostprocessing = 0;
		};
		C6EF443D23FCD1E900AD9F35 /* Frameworks */ = {
			isa = PBXFrameworksBuildPhase;
			buildActionMask = 2147483647;
			files = (
			);
			runOnlyForDeploymentPostprocessing = 0;
		};
		C6EF444823FCD1E900AD9F35 /* Frameworks */ = {
			isa = PBXFrameworksBuildPhase;
			buildActionMask = 2147483647;
			files = (
			);
			runOnlyForDeploymentPostprocessing = 0;
		};
/* End PBXFrameworksBuildPhase section */

/* Begin PBXGroup section */
		C6EF442123FCD1E800AD9F35 = {
			isa = PBXGroup;
			children = (
				C6EF442C23FCD1E800AD9F35 /* WeiboDemo */,
				C6EF444323FCD1E900AD9F35 /* WeiboDemoTests */,
				C6EF444E23FCD1E900AD9F35 /* WeiboDemoUITests */,
				C6EF442B23FCD1E800AD9F35 /* Products */,
			);
			sourceTree = "<group>";
		};
		C6EF442B23FCD1E800AD9F35 /* Products */ = {
			isa = PBXGroup;
			children = (
				C6EF442A23FCD1E800AD9F35 /* WeiboDemo.app */,
				C6EF444023FCD1E900AD9F35 /* WeiboDemoTests.xctest */,
				C6EF444B23FCD1E900AD9F35 /* WeiboDemoUITests.xctest */,
			);
			name = Products;
			sourceTree = "<group>";
		};
		C6EF442C23FCD1E800AD9F35 /* WeiboDemo */ = {
			isa = PBXGroup;
			children = (
				C6EF442D23FCD1E800AD9F35 /* AppDelegate.swift */,
				C6EF442F23FCD1E800AD9F35 /* SceneDelegate.swift */,
				C6EF443123FCD1E800AD9F35 /* ContentView.swift */,
				C6EF443323FCD1E900AD9F35 /* Assets.xcassets */,
				C6EF443823FCD1E900AD9F35 /* LaunchScreen.storyboard */,
				C6EF443B23FCD1E900AD9F35 /* Info.plist */,
				C6EF443523FCD1E900AD9F35 /* Preview Content */,
			);
			path = WeiboDemo;
			sourceTree = "<group>";
		};
		C6EF443523FCD1E900AD9F35 /* Preview Content */ = {
			isa = PBXGroup;
			children = (
				C6EF443623FCD1E900AD9F35 /* Preview Assets.xcassets */,
			);
			path = "Preview Content";
			sourceTree = "<group>";
		};
		C6EF444323FCD1E900AD9F35 /* WeiboDemoTests */ = {
			isa = PBXGroup;
			children = (
				C6EF444423FCD1E900AD9F35 /* WeiboDemoTests.swift */,
				C6EF444623FCD1E900AD9F35 /* Info.plist */,
			);
			path = WeiboDemoTests;
			sourceTree = "<group>";
		};
		C6EF444E23FCD1E900AD9F35 /* WeiboDemoUITests */ = {
			isa = PBXGroup;
			children = (
				C6EF444F23FCD1E900AD9F35 /* WeiboDemoUITests.swift */,
				C6EF445123FCD1E900AD9F35 /* Info.plist */,
			);
			path = WeiboDemoUITests;
			sourceTree = "<group>";
		};
/* End PBXGroup section */

/* Begin PBXNativeTarget section */
		C6EF442923FCD1E800AD9F35 /* WeiboDemo */ = {
			isa = PBXNativeTarget;
			buildConfigurationList = C6EF445423FCD1E900AD9F35 /* Build configuration list for PBXNativeTarget "WeiboDemo" */;
			buildPhases = (
				C6EF442623FCD1E800AD9F35 /* Sources */,
				C6EF442723FCD1E800AD9F35 /* Frameworks */,
				C6EF442823FCD1E800AD9F35 /* Resources */,
			);
			buildRules = (
			);
			dependencies = (
			);
			name = WeiboDemo;
			productName = WeiboDemo;
			productReference = C6EF442A23FCD1E800AD9F35 /* WeiboDemo.app */;
			productType = "com.apple.product-type.application";
		};
		C6EF443F23FCD1E900AD9F35 /* WeiboDemoTests */ = {
			isa = PBXNativeTarget;
			buildConfigurationList = C6EF445723FCD1E900AD9F35 /* Build configuration list for PBXNativeTarget "WeiboDemoTests" */;
			buildPhases = (
				C6EF443C23FCD1E900AD9F35 /* Sources */,
				C6EF443D23FCD1E900AD9F35 /* Frameworks */,
				C6EF443E23FCD1E900AD9F35 /* Resources */,
			);
			buildRules = (
			);
			dependencies = (
				C6EF444223FCD1E900AD9F35 /* PBXTargetDependency */,
			);
			name = WeiboDemoTests;
			productName = WeiboDemoTests;
			productReference = C6EF444023FCD1E900AD9F35 /* WeiboDemoTests.xctest */;
			productType = "com.apple.product-type.bundle.unit-test";
		};
		C6EF444A23FCD1E900AD9F35 /* WeiboDemoUITests */ = {
			isa = PBXNativeTarget;
			buildConfigurationList = C6EF445A23FCD1E900AD9F35 /* Build configuration list for PBXNativeTarget "WeiboDemoUITests" */;
			buildPhases = (
				C6EF444723FCD1E900AD9F35 /* Sources */,
				C6EF444823FCD1E900AD9F35 /* Frameworks */,
				C6EF444923FCD1E900AD9F35 /* Resources */,
			);
			buildRules = (
			);
			dependencies = (
				C6EF444D23FCD1E900AD9F35 /* PBXTargetDependency */,
			);
			name = WeiboDemoUITests;
			productName = WeiboDemoUITests;
			productReference = C6EF444B23FCD1E900AD9F35 /* WeiboDemoUITests.xctest */;
			productType = "com.apple.product-type.bundle.ui-testing";
		};
/* End PBXNativeTarget section */

/* Begin PBXProject section */
		C6EF442223FCD1E800AD9F35 /* Project object */ = {
			isa = PBXProject;
			attributes = {
				LastSwiftUpdateCheck = 1130;
				LastUpgradeCheck = 1130;
				ORGANIZATIONNAME = Nick;
				TargetAttributes = {
					C6EF442923FCD1E800AD9F35 = {
						CreatedOnToolsVersion = 11.3.1;
					};
					C6EF443F23FCD1E900AD9F35 = {
						CreatedOnToolsVersion = 11.3.1;
						TestTargetID = C6EF442923FCD1E800AD9F35;
					};
					C6EF444A23FCD1E900AD9F35 = {
						CreatedOnToolsVersion = 11.3.1;
						TestTargetID = C6EF442923FCD1E800AD9F35;
					};
				};
			};
			buildConfigurationList = C6EF442523FCD1E800AD9F35 /* Build configuration list for PBXProject "WeiboDemo" */;
			compatibilityVersion = "Xcode 9.3";
			developmentRegion = en;
			hasScannedForEncodings = 0;
			knownRegions = (
				en,
				Base,
			);
			mainGroup = C6EF442123FCD1E800AD9F35;
			productRefGroup = C6EF442B23FCD1E800AD9F35 /* Products */;
			projectDirPath = "";
			projectRoot = "";
			targets = (
				C6EF442923FCD1E800AD9F35 /* WeiboDemo */,
				C6EF443F23FCD1E900AD9F35 /* WeiboDemoTests */,
				C6EF444A23FCD1E900AD9F35 /* WeiboDemoUITests */,
			);
		};
/* End PBXProject section */

/* Begin PBXResourcesBuildPhase section */
		C6EF442823FCD1E800AD9F35 /* Resources */ = {
			isa = PBXResourcesBuildPhase;
			buildActionMask = 2147483647;
			files = (
				C6EF443A23FCD1E900AD9F35 /* LaunchScreen.storyboard in Resources */,
				C6EF443723FCD1E900AD9F35 /* Preview Assets.xcassets in Resources */,
				C6EF443423FCD1E900AD9F35 /* Assets.xcassets in Resources */,
			);
			runOnlyForDeploymentPostprocessing = 0;
		};
		C6EF443E23FCD1E900AD9F35 /* Resources */ = {
			isa = PBXResourcesBuildPhase;
			buildActionMask = 2147483647;
			files = (
			);
			runOnlyForDeploymentPostprocessing = 0;
		};
		C6EF444923FCD1E900AD9F35 /* Resources */ = {
			isa = PBXResourcesBuildPhase;
			buildActionMask = 2147483647;
			files = (
			);
			runOnlyForDeploymentPostprocessing = 0;
		};
/* End PBXResourcesBuildPhase section */

/* Begin PBXSourcesBuildPhase section */
		C6EF442623FCD1E800AD9F35 /* Sources */ = {
			isa = PBXSourcesBuildPhase;
			buildActionMask = 2147483647;
			files = (
				C6EF442E23FCD1E800AD9F35 /* AppDelegate.swift in Sources */,
				C6EF443023FCD1E800AD9F35 /* SceneDelegate.swift in Sources */,
				C6EF443223FCD1E800AD9F35 /* ContentView.swift in Sources */,
			);
			runOnlyForDeploymentPostprocessing = 0;
		};
		C6EF443C23FCD1E900AD9F35 /* Sources */ = {
			isa = PBXSourcesBuildPhase;
			buildActionMask = 2147483647;
			files = (
				C6EF444523FCD1E900AD9F35 /* WeiboDemoTests.swift in Sources */,
			);
			runOnlyForDeploymentPostprocessing = 0;
		};
		C6EF444723FCD1E900AD9F35 /* Sources */ = {
			isa = PBXSourcesBuildPhase;
			buildActionMask = 2147483647;
			files = (
				C6EF445023FCD1E900AD9F35 /* WeiboDemoUITests.swift in Sources */,
			);
			runOnlyForDeploymentPostprocessing = 0;
		};
/* End PBXSourcesBuildPhase section */

/* Begin PBXTargetDependency section */
		C6EF444223FCD1E900AD9F35 /* PBXTargetDependency */ = {
			isa = PBXTargetDependency;
			target = C6EF442923FCD1E800AD9F35 /* WeiboDemo */;
			targetProxy = C6EF444123FCD1E900AD9F35 /* PBXContainerItemProxy */;
		};
		C6EF444D23FCD1E900AD9F35 /* PBXTargetDependency */ = {
			isa = PBXTargetDependency;
			target = C6EF442923FCD1E800AD9F35 /* WeiboDemo */;
			targetProxy = C6EF444C23FCD1E900AD9F35 /* PBXContainerItemProxy */;
		};
/* End PBXTargetDependency section */

/* Begin PBXVariantGroup section */
		C6EF443823FCD1E900AD9F35 /* LaunchScreen.storyboard */ = {
			isa = PBXVariantGroup;
			children = (
				C6EF443923FCD1E900AD9F35 /* Base */,
			);
			name = LaunchScreen.storyboard;
			sourceTree = "<group>";
		};
/* End PBXVariantGroup section */

/* Begin XCBuildConfiguration section */
		C6EF445223FCD1E900AD9F35 /* Debug */ = {
			isa = XCBuildConfiguration;
			buildSettings = {
				ALWAYS_SEARCH_USER_PATHS = NO;
				CLANG_ANALYZER_NONNULL = YES;
				CLANG_ANALYZER_NUMBER_OBJECT_CONVERSION = YES_AGGRESSIVE;
				CLANG_CXX_LANGUAGE_STANDARD = "gnu++14";
				CLANG_CXX_LIBRARY = "libc++";
				CLANG_ENABLE_MODULES = YES;
				CLANG_ENABLE_OBJC_ARC = YES;
				CLANG_ENABLE_OBJC_WEAK = YES;
				CLANG_WARN_BLOCK_CAPTURE_AUTORELEASING = YES;
				CLANG_WARN_BOOL_CONVERSION = YES;
				CLANG_WARN_COMMA = YES;
				CLANG_WARN_CONSTANT_CONVERSION = YES;
				CLANG_WARN_DEPRECATED_OBJC_IMPLEMENTATIONS = YES;
				CLANG_WARN_DIRECT_OBJC_ISA_USAGE = YES_ERROR;
				CLANG_WARN_DOCUMENTATION_COMMENTS = YES;
				CLANG_WARN_EMPTY_BODY = YES;
				CLANG_WARN_ENUM_CONVERSION = YES;
				CLANG_WARN_INFINITE_RECURSION = YES;
				CLANG_WARN_INT_CONVERSION = YES;
				CLANG_WARN_NON_LITERAL_NULL_CONVERSION = YES;
				CLANG_WARN_OBJC_IMPLICIT_RETAIN_SELF = YES;
				CLANG_WARN_OBJC_LITERAL_CONVERSION = YES;
				CLANG_WARN_OBJC_ROOT_CLASS = YES_ERROR;
				CLANG_WARN_RANGE_LOOP_ANALYSIS = YES;
				CLANG_WARN_STRICT_PROTOTYPES = YES;
				CLANG_WARN_SUSPICIOUS_MOVE = YES;
				CLANG_WARN_UNGUARDED_AVAILABILITY = YES_AGGRESSIVE;
				CLANG_WARN_UNREACHABLE_CODE = YES;
				CLANG_WARN__DUPLICATE_METHOD_MATCH = YES;
				COPY_PHASE_STRIP = NO;
				DEBUG_INFORMATION_FORMAT = dwarf;
				ENABLE_STRICT_OBJC_MSGSEND = YES;
				ENABLE_TESTABILITY = YES;
				GCC_C_LANGUAGE_STANDARD = gnu11;
				GCC_DYNAMIC_NO_PIC = NO;
				GCC_NO_COMMON_BLOCKS = YES;
				GCC_OPTIMIZATION_LEVEL = 0;
				GCC_PREPROCESSOR_DEFINITIONS = (
					"DEBUG=1",
					"$(inherited)",
				);
				GCC_WARN_64_TO_32_BIT_CONVERSION = YES;
				GCC_WARN_ABOUT_RETURN_TYPE = YES_ERROR;
				GCC_WARN_UNDECLARED_SELECTOR = YES;
				GCC_WARN_UNINITIALIZED_AUTOS = YES_AGGRESSIVE;
				GCC_WARN_UNUSED_FUNCTION = YES;
				GCC_WARN_UNUSED_VARIABLE = YES;
				IPHONEOS_DEPLOYMENT_TARGET = 13.2;
				MTL_ENABLE_DEBUG_INFO = INCLUDE_SOURCE;
				MTL_FAST_MATH = YES;
				ONLY_ACTIVE_ARCH = YES;
				SDKROOT = iphoneos;
				SWIFT_ACTIVE_COMPILATION_CONDITIONS = DEBUG;
				SWIFT_OPTIMIZATION_LEVEL = "-Onone";
			};
			name = Debug;
		};
		C6EF445323FCD1E900AD9F35 /* Release */ = {
			isa = XCBuildConfiguration;
			buildSettings = {
				ALWAYS_SEARCH_USER_PATHS = NO;
				CLANG_ANALYZER_NONNULL = YES;
				CLANG_ANALYZER_NUMBER_OBJECT_CONVERSION = YES_AGGRESSIVE;
				CLANG_CXX_LANGUAGE_STANDARD = "gnu++14";
				CLANG_CXX_LIBRARY = "libc++";
				CLANG_ENABLE_MODULES = YES;
				CLANG_ENABLE_OBJC_ARC = YES;
				CLANG_ENABLE_OBJC_WEAK = YES;
				CLANG_WARN_BLOCK_CAPTURE_AUTORELEASING = YES;
				CLANG_WARN_BOOL_CONVERSION = YES;
				CLANG_WARN_COMMA = YES;
				CLANG_WARN_CONSTANT_CONVERSION = YES;
				CLANG_WARN_DEPRECATED_OBJC_IMPLEMENTATIONS = YES;
				CLANG_WARN_DIRECT_OBJC_ISA_USAGE = YES_ERROR;
				CLANG_WARN_DOCUMENTATION_COMMENTS = YES;
				CLANG_WARN_EMPTY_BODY = YES;
				CLANG_WARN_ENUM_CONVERSION = YES;
				CLANG_WARN_INFINITE_RECURSION = YES;
				CLANG_WARN_INT_CONVERSION = YES;
				CLANG_WARN_NON_LITERAL_NULL_CONVERSION = YES;
				CLANG_WARN_OBJC_IMPLICIT_RETAIN_SELF = YES;
				CLANG_WARN_OBJC_LITERAL_CONVERSION = YES;
				CLANG_WARN_OBJC_ROOT_CLASS = YES_ERROR;
				CLANG_WARN_RANGE_LOOP_ANALYSIS = YES;
				CLANG_WARN_STRICT_PROTOTYPES = YES;
				CLANG_WARN_SUSPICIOUS_MOVE = YES;
				CLANG_WARN_UNGUARDED_AVAILABILITY = YES_AGGRESSIVE;
				CLANG_WARN_UNREACHABLE_CODE = YES;
				CLANG_WARN__DUPLICATE_METHOD_MATCH = YES;
				COPY_PHASE_STRIP = NO;
				DEBUG_INFORMATION_FORMAT = "dwarf-with-dsym";
				ENABLE_NS_ASSERTIONS = NO;
				ENABLE_STRICT_OBJC_MSGSEND = YES;
				GCC_C_LANGUAGE_STANDARD = gnu11;
				GCC_NO_COMMON_BLOCKS = YES;
				GCC_WARN_64_TO_32_BIT_CONVERSION = YES;
				GCC_WARN_ABOUT_RETURN_TYPE = YES_ERROR;
				GCC_WARN_UNDECLARED_SELECTOR = YES;
				GCC_WARN_UNINITIALIZED_AUTOS = YES_AGGRESSIVE;
				GCC_WARN_UNUSED_FUNCTION = YES;
				GCC_WARN_UNUSED_VARIABLE = YES;
				IPHONEOS_DEPLOYMENT_TARGET = 13.2;
				MTL_ENABLE_DEBUG_INFO = NO;
				MTL_FAST_MATH = YES;
				SDKROOT = iphoneos;
				SWIFT_COMPILATION_MODE = wholemodule;
				SWIFT_OPTIMIZATION_LEVEL = "-O";
				VALIDATE_PRODUCT = YES;
			};
			name = Release;
		};
		C6EF445523FCD1E900AD9F35 /* Debug */ = {
			isa = XCBuildConfiguration;
			buildSettings = {
				ASSETCATALOG_COMPILER_APPICON_NAME = AppIcon;
				CODE_SIGN_STYLE = Automatic;
				DEVELOPMENT_ASSET_PATHS = "\"WeiboDemo/Preview Content\"";
				ENABLE_PREVIEWS = YES;
				INFOPLIST_FILE = WeiboDemo/Info.plist;
				LD_RUNPATH_SEARCH_PATHS = (
					"$(inherited)",
					"@executable_path/Frameworks",
				);
				PRODUCT_BUNDLE_IDENTIFIER = com.Nick.WeiboDemo;
				PRODUCT_NAME = "$(TARGET_NAME)";
				SWIFT_VERSION = 5.0;
				TARGETED_DEVICE_FAMILY = "1,2";
			};
			name = Debug;
		};
		C6EF445623FCD1E900AD9F35 /* Release */ = {
			isa = XCBuildConfiguration;
			buildSettings = {
				ASSETCATALOG_COMPILER_APPICON_NAME = AppIcon;
				CODE_SIGN_STYLE = Automatic;
				DEVELOPMENT_ASSET_PATHS = "\"WeiboDemo/Preview Content\"";
				ENABLE_PREVIEWS = YES;
				INFOPLIST_FILE = WeiboDemo/Info.plist;
				LD_RUNPATH_SEARCH_PATHS = (
					"$(inherited)",
					"@executable_path/Frameworks",
				);
				PRODUCT_BUNDLE_IDENTIFIER = com.Nick.WeiboDemo;
				PRODUCT_NAME = "$(TARGET_NAME)";
				SWIFT_VERSION = 5.0;
				TARGETED_DEVICE_FAMILY = "1,2";
			};
			name = Release;
		};
		C6EF445823FCD1E900AD9F35 /* Debug */ = {
			isa = XCBuildConfiguration;
			buildSettings = {
				ALWAYS_EMBED_SWIFT_STANDARD_LIBRARIES = YES;
				BUNDLE_LOADER = "$(TEST_HOST)";
				CODE_SIGN_STYLE = Automatic;
				INFOPLIST_FILE = WeiboDemoTests/Info.plist;
				IPHONEOS_DEPLOYMENT_TARGET = 13.2;
				LD_RUNPATH_SEARCH_PATHS = (
					"$(inherited)",
					"@executable_path/Frameworks",
					"@loader_path/Frameworks",
				);
				PRODUCT_BUNDLE_IDENTIFIER = com.Nick.WeiboDemoTests;
				PRODUCT_NAME = "$(TARGET_NAME)";
				SWIFT_VERSION = 5.0;
				TARGETED_DEVICE_FAMILY = "1,2";
				TEST_HOST = "$(BUILT_PRODUCTS_DIR)/WeiboDemo.app/WeiboDemo";
			};
			name = Debug;
		};
		C6EF445923FCD1E900AD9F35 /* Release */ = {
			isa = XCBuildConfiguration;
			buildSettings = {
				ALWAYS_EMBED_SWIFT_STANDARD_LIBRARIES = YES;
				BUNDLE_LOADER = "$(TEST_HOST)";
				CODE_SIGN_STYLE = Automatic;
				INFOPLIST_FILE = WeiboDemoTests/Info.plist;
				IPHONEOS_DEPLOYMENT_TARGET = 13.2;
				LD_RUNPATH_SEARCH_PATHS = (
					"$(inherited)",
					"@executable_path/Frameworks",
					"@loader_path/Frameworks",
				);
				PRODUCT_BUNDLE_IDENTIFIER = com.Nick.WeiboDemoTests;
				PRODUCT_NAME = "$(TARGET_NAME)";
				SWIFT_VERSION = 5.0;
				TARGETED_DEVICE_FAMILY = "1,2";
				TEST_HOST = "$(BUILT_PRODUCTS_DIR)/WeiboDemo.app/WeiboDemo";
			};
			name = Release;
		};
		C6EF445B23FCD1E900AD9F35 /* Debug */ = {
			isa = XCBuildConfiguration;
			buildSettings = {
				ALWAYS_EMBED_SWIFT_STANDARD_LIBRARIES = YES;
				CODE_SIGN_STYLE = Automatic;
				INFOPLIST_FILE = WeiboDemoUITests/Info.plist;
				LD_RUNPATH_SEARCH_PATHS = (
					"$(inherited)",
					"@executable_path/Frameworks",
					"@loader_path/Frameworks",
				);
				PRODUCT_BUNDLE_IDENTIFIER = com.Nick.WeiboDemoUITests;
				PRODUCT_NAME = "$(TARGET_NAME)";
				SWIFT_VERSION = 5.0;
				TARGETED_DEVICE_FAMILY = "1,2";
				TEST_TARGET_NAME = WeiboDemo;
			};
			name = Debug;
		};
		C6EF445C23FCD1E900AD9F35 /* Release */ = {
			isa = XCBuildConfiguration;
			buildSettings = {
				ALWAYS_EMBED_SWIFT_STANDARD_LIBRARIES = YES;
				CODE_SIGN_STYLE = Automatic;
				INFOPLIST_FILE = WeiboDemoUITests/Info.plist;
				LD_RUNPATH_SEARCH_PATHS = (
					"$(inherited)",
					"@executable_path/Frameworks",
					"@loader_path/Frameworks",
				);
				PRODUCT_BUNDLE_IDENTIFIER = com.Nick.WeiboDemoUITests;
				PRODUCT_NAME = "$(TARGET_NAME)";
				SWIFT_VERSION = 5.0;
				TARGETED_DEVICE_FAMILY = "1,2";
				TEST_TARGET_NAME = WeiboDemo;
			};
			name = Release;
		};
/* End XCBuildConfiguration section */

/* Begin XCConfigurationList section */
		C6EF442523FCD1E800AD9F35 /* Build configuration list for PBXProject "WeiboDemo" */ = {
			isa = XCConfigurationList;
			buildConfigurations = (
				C6EF445223FCD1E900AD9F35 /* Debug */,
				C6EF445323FCD1E900AD9F35 /* Release */,
			);
			defaultConfigurationIsVisible = 0;
			defaultConfigurationName = Release;
		};
		C6EF445423FCD1E900AD9F35 /* Build configuration list for PBXNativeTarget "WeiboDemo" */ = {
			isa = XCConfigurationList;
			buildConfigurations = (
				C6EF445523FCD1E900AD9F35 /* Debug */,
				C6EF445623FCD1E900AD9F35 /* Release */,
			);
			defaultConfigurationIsVisible = 0;
			defaultConfigurationName = Release;
		};
		C6EF445723FCD1E900AD9F35 /* Build configuration list for PBXNativeTarget "WeiboDemoTests" */ = {
			isa = XCConfigurationList;
			buildConfigurations = (
				C6EF445823FCD1E900AD9F35 /* Debug */,
				C6EF445923FCD1E900AD9F35 /* Release */,
			);
			defaultConfigurationIsVisible = 0;
			defaultConfigurationName = Release;
		};
		C6EF445A23FCD1E900AD9F35 /* Build configuration list for PBXNativeTarget "WeiboDemoUITests" */ = {
			isa = XCConfigurationList;
			buildConfigurations = (
				C6EF445B23FCD1E900AD9F35 /* Debug */,
				C6EF445C23FCD1E900AD9F35 /* Release */,
			);
			defaultConfigurationIsVisible = 0;
			defaultConfigurationName = Release;
		};
/* End XCConfigurationList section */
	};
	rootObject = C6EF442223FCD1E800AD9F35 /* Project object */;
}
